
Microsoft Visual Studio Solution File, Format Version 12.00
# Visual Studio 15
VisualStudioVersion = 15.0.26430.14
MinimumVisualStudioVersion = 10.0.40219.1
Project("{FAE04EC0-301F-11D3-BF4B-00C04F79EFBC}") = "TcpMonitoring", "TcpMonitoring\TcpMonitoring.csproj", "{837169DB-EB6B-4DB3-B12C-655721A2D1B8}"
EndProject
Project("{FAE04EC0-301F-11D3-BF4B-00C04F79EFBC}") = "TcpMonitor", "TcpMonitor\TcpMonitor.csproj", "{5D992B03-F0C4-4179-86E7-EDCD52F59B1E}"
EndProject
Project("{FAE04EC0-301F-11D3-BF4B-00C04F79EFBC}") = "TcpMonitorPublisher", "TcpMonitorPublisher\TcpMonitorPublisher.csproj", "{9049E96B-64F5-4F4C-B20A-8D2EE47B980C}"
EndProject
Project("{FAE04EC0-301F-11D3-BF4B-00C04F79EFBC}") = "Monitor", "Monitor\Monitor.csproj", "{3862ED2E-164F-4AE9-9539-26E128972472}"
EndProject
Global
	GlobalSection(SolutionConfigurationPlatforms) = preSolution
		Debug|Any CPU = Debug|Any CPU
		Release|Any CPU = Release|Any CPU
	EndGlobalSection
	GlobalSection(ProjectConfigurationPlatforms) = postSolution
		{837169DB-EB6B-4DB3-B12C-655721A2D1B8}.Debug|Any CPU.ActiveCfg = Debug|Any CPU
		{837169DB-EB6B-4DB3-B12C-655721A2D1B8}.Debug|Any CPU.Build.0 = Debug|Any CPU
		{837169DB-EB6B-4DB3-B12C-655721A2D1B8}.Release|Any CPU.ActiveCfg = Release|Any CPU
		{837169DB-EB6B-4DB3-B12C-655721A2D1B8}.Release|Any CPU.Build.0 = Release|Any CPU
		{5D992B03-F0C4-4179-86E7-EDCD52F59B1E}.Debug|Any CPU.ActiveCfg = Debug|Any CPU
		{5D992B03-F0C4-4179-86E7-EDCD52F59B1E}.Debug|Any CPU.Build.0 = Debug|Any CPU
		{5D992B03-F0C4-4179-86E7-EDCD52F59B1E}.Release|Any CPU.ActiveCfg = Release|Any CPU
		{5D992B03-F0C4-4179-86E7-EDCD52F59B1E}.Release|Any CPU.Build.0 = Release|Any CPU
		{9049E96B-64F5-4F4C-B20A-8D2EE47B980C}.Debug|Any CPU.ActiveCfg = Debug|Any CPU
		{9049E96B-64F5-4F4C-B20A-8D2EE47B980C}.Debug|Any CPU.Build.0 = Debug|Any CPU
		{9049E96B-64F5-4F4C-B20A-8D2EE47B980C}.Release|Any CPU.ActiveCfg = Release|Any CPU
		{9049E96B-64F5-4F4C-B20A-8D2EE47B980C}.Release|Any CPU.Build.0 = Release|Any CPU
		{3862ED2E-164F-4AE9-9539-26E128972472}.Debug|Any CPU.ActiveCfg = Debug|Any CPU
		{3862ED2E-164F-4AE9-9539-26E128972472}.Debug|Any CPU.Build.0 = Debug|Any CPU
		{3862ED2E-164F-4AE9-9539-26E128972472}.Release|Any CPU.ActiveCfg = Release|Any CPU
		{3862ED2E-164F-4AE9-9539-26E128972472}.Release|Any CPU.Build.0 = Release|Any CPU
	EndGlobalSection
	GlobalSection(SolutionProperties) = preSolution
		HideSolutionNode = FALSE
	EndGlobalSection
EndGlobal
